
Microsoft Visual Studio Solution File, Format Version 12.00
# Visual Studio Version 16
VisualStudioVersion = 16.0.30523.141
MinimumVisualStudioVersion = 10.0.40219.1
Project("{FAE04EC0-301F-11D3-BF4B-00C04F79EFBC}") = "SerialMonitor_new", "SerialMonitor_new\SerialMonitor_new.csproj", "{C28F21A5-D280-4EEB-9B81-055427CBEAD7}"
EndProject
Global
	GlobalSection(SolutionConfigurationPlatforms) = preSolution
		Debug|Any CPU = Debug|Any CPU
		Release|Any CPU = Release|Any CPU
	EndGlobalSection
	GlobalSection(ProjectConfigurationPlatforms) = postSolution
		{C28F21A5-D280-4EEB-9B81-055427CBEAD7}.Debug|Any CPU.ActiveCfg = Debug|Any CPU
		{C28F21A5-D280-4EEB-9B81-055427CBEAD7}.Debug|Any CPU.Build.0 = Debug|Any CPU
		{C28F21A5-D280-4EEB-9B81-055427CBEAD7}.Release|Any CPU.ActiveCfg = Release|Any CPU
		{C28F21A5-D280-4EEB-9B81-055427CBEAD7}.Release|Any CPU.Build.0 = Release|Any CPU
	EndGlobalSection
	GlobalSection(SolutionProperties) = preSolution
		HideSolutionNode = FALSE
	EndGlobalSection
	GlobalSection(ExtensibilityGlobals) = postSolution
		SolutionGuid = {F95A62BC-78E8-46A7-A0EC-8C0517D6DE1F}
	EndGlobalSection
EndGlobal
